
Microsoft Visual Studio Solution File, Format Version 12.00
# Visual Studio Version 17
VisualStudioVersion = 17.3.32929.385
MinimumVisualStudioVersion = 10.0.40219.1
Project("{FAE04EC0-301F-11D3-BF4B-00C04F79EFBC}") = "TeorixProject", "TeorixProject\TeorixProject.csproj", "{EBF6E7C4-89F9-414C-A32E-B16BB877AF59}"
EndProject
Project("{FAE04EC0-301F-11D3-BF4B-00C04F79EFBC}") = "DataAccessLayer", "DataAccessLayer\DataAccessLayer.csproj", "{660D202B-CC3B-4DFA-8E91-3C7377B82C37}"
EndProject
Global
	GlobalSection(SolutionConfigurationPlatforms) = preSolution
		Debug|Any CPU = Debug|Any CPU
		Release|Any CPU = Release|Any CPU
	EndGlobalSection
	GlobalSection(ProjectConfigurationPlatforms) = postSolution
		{EBF6E7C4-89F9-414C-A32E-B16BB877AF59}.Debug|Any CPU.ActiveCfg = Debug|Any CPU
		{EBF6E7C4-89F9-414C-A32E-B16BB877AF59}.Debug|Any CPU.Build.0 = Debug|Any CPU
		{EBF6E7C4-89F9-414C-A32E-B16BB877AF59}.Release|Any CPU.ActiveCfg = Release|Any CPU
		{EBF6E7C4-89F9-414C-A32E-B16BB877AF59}.Release|Any CPU.Build.0 = Release|Any CPU
		{660D202B-CC3B-4DFA-8E91-3C7377B82C37}.Debug|Any CPU.ActiveCfg = Debug|Any CPU
		{660D202B-CC3B-4DFA-8E91-3C7377B82C37}.Debug|Any CPU.Build.0 = Debug|Any CPU
		{660D202B-CC3B-4DFA-8E91-3C7377B82C37}.Release|Any CPU.ActiveCfg = Release|Any CPU
		{660D202B-CC3B-4DFA-8E91-3C7377B82C37}.Release|Any CPU.Build.0 = Release|Any CPU
	EndGlobalSection
	GlobalSection(SolutionProperties) = preSolution
		HideSolutionNode = FALSE
	EndGlobalSection
	GlobalSection(ExtensibilityGlobals) = postSolution
		SolutionGuid = {1B640CA2-0B4C-4170-BA8C-E9C035D3E540}
	EndGlobalSection
EndGlobal
